{
  "name": "midi-timing-panel",
  "version": "1.0.0",
  "lockfileVersion": 1,
  "requires": true,
  "dependencies": {
    "jsmidgen": {
      "version": "0.1.5",
      "resolved": "https://registry.npmjs.org/jsmidgen/-/jsmidgen-0.1.5.tgz",
      "integrity": "sha1-rQr9Y3XrEvUQZAJTk847rsOAWF0="
    },
    "midi-converter": {
      "version": "0.1.5",
      "resolved": "https://registry.npmjs.org/midi-converter/-/midi-converter-0.1.5.tgz",
      "integrity": "sha1-CozG0IH/7k7I9aG5Cb73xdLFBsQ=",
      "requires": {
        "jsmidgen": "0.1.5",
        "midi-file-parser": "1.0.0"
      }
    },
    "midi-file-parser": {
      "version": "1.0.0",
      "resolved": "https://registry.npmjs.org/midi-file-parser/-/midi-file-parser-1.0.0.tgz",
      "integrity": "sha1-F1oBPyd+nSas+Uz+bAOxOrsKHp4="
    },
    "midi-timing": {
      "version": "0.1.0",
      "resolved": "https://registry.npmjs.org/midi-timing/-/midi-timing-0.1.0.tgz",
      "integrity": "sha1-SuKpyrZIG8k9CXNBCWbC3fzig8I=",
      "requires": {
        "midi-converter": "0.1.5"
      }
    }
  }
}
